// !$*UTF8*$!
{
	archiveVersion = 1;
	classes = {
	};
	objectVersion = 55;
	objects = {

/* Begin PBXBuildFile section */
		0741E90C6D5D6FE079D32C57 /* Pods_submission_ios_pemula_dicoding.framework in Frameworks */ = {isa = PBXBuildFile; fileRef = 105C82C6EF72C96565448483 /* Pods_submission_ios_pemula_dicoding.framework */; };
		560752A9B2C3BCA0B957DA41 /* Pods_submissionIosPemulaDicodingTests.framework in Frameworks */ = {isa = PBXBuildFile; fileRef = B8373D06FBE65EF4E3EE3D1D /* Pods_submissionIosPemulaDicodingTests.framework */; };
		E00ED2FA295B92DB00034C96 /* RxCocoa in Frameworks */ = {isa = PBXBuildFile; productRef = E00ED2F9295B92DB00034C96 /* RxCocoa */; };
		E00ED2FC295B92DB00034C96 /* RxSwift in Frameworks */ = {isa = PBXBuildFile; productRef = E00ED2FB295B92DB00034C96 /* RxSwift */; };
		E00ED2FF295B92F200034C96 /* Alamofire in Frameworks */ = {isa = PBXBuildFile; productRef = E00ED2FE295B92F200034C96 /* Alamofire */; };
		E00ED302295B930300034C96 /* Kingfisher in Frameworks */ = {isa = PBXBuildFile; productRef = E00ED301295B930300034C96 /* Kingfisher */; };
		E00ED30D295B943E00034C96 /* DetailGame in Frameworks */ = {isa = PBXBuildFile; productRef = E00ED30C295B943E00034C96 /* DetailGame */; };
		E00ED310295B945900034C96 /* FavoriteGame in Frameworks */ = {isa = PBXBuildFile; productRef = E00ED30F295B945900034C96 /* FavoriteGame */; };
		E010057128F3FBBE0087B0D0 /* ListFavoriteGamesViewController.swift in Sources */ = {isa = PBXBuildFile; fileRef = E010056F28F3FBBE0087B0D0 /* ListFavoriteGamesViewController.swift */; };
		E010057428F3FBBE0087B0D0 /* ListFavoriteGamesViewController.xib in Resources */ = {isa = PBXBuildFile; fileRef = E010057028F3FBBE0087B0D0 /* ListFavoriteGamesViewController.xib */; };
		E010057A28F4A85B0087B0D0 /* FavoriteGamesCell.swift in Sources */ = {isa = PBXBuildFile; fileRef = E010057828F4A85B0087B0D0 /* FavoriteGamesCell.swift */; };
		E010057D28F4A85B0087B0D0 /* FavoriteGamesCell.xib in Resources */ = {isa = PBXBuildFile; fileRef = E010057928F4A85B0087B0D0 /* FavoriteGamesCell.xib */; };
		E01DCB5F28ED8535002C2767 /* Helper.swift in Sources */ = {isa = PBXBuildFile; fileRef = E01DCB5E28ED8535002C2767 /* Helper.swift */; };
		E03E421928DB3EBA001A580D /* MainViewController.swift in Sources */ = {isa = PBXBuildFile; fileRef = E03E421728DB3EBA001A580D /* MainViewController.swift */; };
		E03E421C28DB3EBA001A580D /* MainViewController.xib in Resources */ = {isa = PBXBuildFile; fileRef = E03E421828DB3EBA001A580D /* MainViewController.xib */; };
		E03EBA9D28DD21CF0020A488 /* ProfileViewController.swift in Sources */ = {isa = PBXBuildFile; fileRef = E03EBA9B28DD21CF0020A488 /* ProfileViewController.swift */; };
		E03EBAA028DD21CF0020A488 /* ProfileViewController.xib in Resources */ = {isa = PBXBuildFile; fileRef = E03EBA9C28DD21CF0020A488 /* ProfileViewController.xib */; };
		E03EBAA628DD2BBD0020A488 /* LoadingViewController.swift in Sources */ = {isa = PBXBuildFile; fileRef = E03EBAA428DD2BBD0020A488 /* LoadingViewController.swift */; };
		E03EBAA928DD2BBD0020A488 /* LoadingViewController.xib in Resources */ = {isa = PBXBuildFile; fileRef = E03EBAA528DD2BBD0020A488 /* LoadingViewController.xib */; };
		E04A9BD2295BA7C400D772C8 /* AppDelegate.swift in Sources */ = {isa = PBXBuildFile; fileRef = E04A9BD1295BA7C400D772C8 /* AppDelegate.swift */; };
		E04DC64029616B76005B5E8E /* Game in Frameworks */ = {isa = PBXBuildFile; productRef = E04DC63F29616B76005B5E8E /* Game */; };
		E0AC84E0294F79A0002825B7 /* Injection.swift in Sources */ = {isa = PBXBuildFile; fileRef = E0AC84DF294F79A0002825B7 /* Injection.swift */; };
		E0BC396A28EF24C30096287B /* DateTime.swift in Sources */ = {isa = PBXBuildFile; fileRef = E0BC396928EF24C30096287B /* DateTime.swift */; };
		E0BC397428EF33B10096287B /* DetailGameViewController.swift in Sources */ = {isa = PBXBuildFile; fileRef = E0BC397228EF33B10096287B /* DetailGameViewController.swift */; };
		E0BC397728EF33B10096287B /* DetailGameViewController.xib in Resources */ = {isa = PBXBuildFile; fileRef = E0BC397328EF33B10096287B /* DetailGameViewController.xib */; };
		E0BC397D28EF3ADB0096287B /* RatingCell.swift in Sources */ = {isa = PBXBuildFile; fileRef = E0BC397B28EF3ADB0096287B /* RatingCell.swift */; };
		E0BC398028EF3ADB0096287B /* RatingCell.xib in Resources */ = {isa = PBXBuildFile; fileRef = E0BC397C28EF3ADB0096287B /* RatingCell.xib */; };
		E0C0461928DC5E24004804B1 /* SplashViewController.swift in Sources */ = {isa = PBXBuildFile; fileRef = E0C0461728DC5E24004804B1 /* SplashViewController.swift */; };
		E0C0461C28DC5E24004804B1 /* SplashViewController.xib in Resources */ = {isa = PBXBuildFile; fileRef = E0C0461828DC5E24004804B1 /* SplashViewController.xib */; };
		E0C0462028DC5FDD004804B1 /* ModuleBuilder.swift in Sources */ = {isa = PBXBuildFile; fileRef = E0C0461F28DC5FDD004804B1 /* ModuleBuilder.swift */; };
		E0C0462428DC6013004804B1 /* ModuleEnum.swift in Sources */ = {isa = PBXBuildFile; fileRef = E0C0462328DC6013004804B1 /* ModuleEnum.swift */; };
		E0C0462E28DC68F4004804B1 /* ListSportCell.swift in Sources */ = {isa = PBXBuildFile; fileRef = E0C0462C28DC68F4004804B1 /* ListSportCell.swift */; };
		E0C0463128DC68F4004804B1 /* ListSportCell.xib in Resources */ = {isa = PBXBuildFile; fileRef = E0C0462D28DC68F4004804B1 /* ListSportCell.xib */; };
		E0C5258A295AC59E0005AE7F /* .travis.yml in Resources */ = {isa = PBXBuildFile; fileRef = E0C52589295AC59E0005AE7F /* .travis.yml */; };
		E0C525A0295AF6960005AE7F /* submissionIosPemulaDicodingTests.swift in Sources */ = {isa = PBXBuildFile; fileRef = E0C5259F295AF6960005AE7F /* submissionIosPemulaDicodingTests.swift */; };
		E0EC062F29411172000B6268 /* .swiftlint.yml in Resources */ = {isa = PBXBuildFile; fileRef = E0EC062E29411172000B6268 /* .swiftlint.yml */; };
		E0F3CDF028DB373C00325A90 /* ViewController.swift in Sources */ = {isa = PBXBuildFile; fileRef = E0F3CDEF28DB373C00325A90 /* ViewController.swift */; };
		E0F3CDF328DB373C00325A90 /* Main.storyboard in Resources */ = {isa = PBXBuildFile; fileRef = E0F3CDF128DB373C00325A90 /* Main.storyboard */; };
		E0F3CDF528DB373D00325A90 /* Assets.xcassets in Resources */ = {isa = PBXBuildFile; fileRef = E0F3CDF428DB373D00325A90 /* Assets.xcassets */; };
		E0F3CDF828DB373D00325A90 /* LaunchScreen.storyboard in Resources */ = {isa = PBXBuildFile; fileRef = E0F3CDF628DB373D00325A90 /* LaunchScreen.storyboard */; };
/* End PBXBuildFile section */

/* Begin PBXContainerItemProxy section */
		E0C525A1295AF6960005AE7F /* PBXContainerItemProxy */ = {
			isa = PBXContainerItemProxy;
			containerPortal = E0F3CDE028DB373C00325A90 /* Project object */;
			proxyType = 1;
			remoteGlobalIDString = E0F3CDE728DB373C00325A90;
			remoteInfo = "submission-ios-pemula-dicoding";
		};
/* End PBXContainerItemProxy section */

/* Begin PBXFileReference section */
		105C82C6EF72C96565448483 /* Pods_submission_ios_pemula_dicoding.framework */ = {isa = PBXFileReference; explicitFileType = wrapper.framework; includeInIndex = 0; path = Pods_submission_ios_pemula_dicoding.framework; sourceTree = BUILT_PRODUCTS_DIR; };
		1906E74809467B998C1A6227 /* Pods-submissionIosPemulaDicodingTests.release.xcconfig */ = {isa = PBXFileReference; includeInIndex = 1; lastKnownFileType = text.xcconfig; name = "Pods-submissionIosPemulaDicodingTests.release.xcconfig"; path = "Target Support Files/Pods-submissionIosPemulaDicodingTests/Pods-submissionIosPemulaDicodingTests.release.xcconfig"; sourceTree = "<group>"; };
		254B0F7CB0C54166B09A5BEA /* Pods_submission_ios_pemula_dicodingTests.framework */ = {isa = PBXFileReference; explicitFileType = wrapper.framework; includeInIndex = 0; path = Pods_submission_ios_pemula_dicodingTests.framework; sourceTree = BUILT_PRODUCTS_DIR; };
		4190A063F44D3CBD7E98BD68 /* Pods-submission-ios-pemula-dicodingTests.debug.xcconfig */ = {isa = PBXFileReference; includeInIndex = 1; lastKnownFileType = text.xcconfig; name = "Pods-submission-ios-pemula-dicodingTests.debug.xcconfig"; path = "Target Support Files/Pods-submission-ios-pemula-dicodingTests/Pods-submission-ios-pemula-dicodingTests.debug.xcconfig"; sourceTree = "<group>"; };
		5D0D36ED09E720164C8AD933 /* Pods-submission-ios-pemula-dicodingTests.release.xcconfig */ = {isa = PBXFileReference; includeInIndex = 1; lastKnownFileType = text.xcconfig; name = "Pods-submission-ios-pemula-dicodingTests.release.xcconfig"; path = "Target Support Files/Pods-submission-ios-pemula-dicodingTests/Pods-submission-ios-pemula-dicodingTests.release.xcconfig"; sourceTree = "<group>"; };
		5FFE8052CD2388C8C97D47B7 /* Pods-submissionIosPemulaDicodingTests.debug.xcconfig */ = {isa = PBXFileReference; includeInIndex = 1; lastKnownFileType = text.xcconfig; name = "Pods-submissionIosPemulaDicodingTests.debug.xcconfig"; path = "Target Support Files/Pods-submissionIosPemulaDicodingTests/Pods-submissionIosPemulaDicodingTests.debug.xcconfig"; sourceTree = "<group>"; };
		AA85830982DD759149F6F532 /* Pods-submission-ios-pemula-dicoding.release.xcconfig */ = {isa = PBXFileReference; includeInIndex = 1; lastKnownFileType = text.xcconfig; name = "Pods-submission-ios-pemula-dicoding.release.xcconfig"; path = "Target Support Files/Pods-submission-ios-pemula-dicoding/Pods-submission-ios-pemula-dicoding.release.xcconfig"; sourceTree = "<group>"; };
		B5427F84FA2C1EFAFB34B158 /* Pods-submission-ios-pemula-dicoding.debug.xcconfig */ = {isa = PBXFileReference; includeInIndex = 1; lastKnownFileType = text.xcconfig; name = "Pods-submission-ios-pemula-dicoding.debug.xcconfig"; path = "Target Support Files/Pods-submission-ios-pemula-dicoding/Pods-submission-ios-pemula-dicoding.debug.xcconfig"; sourceTree = "<group>"; };
		B8373D06FBE65EF4E3EE3D1D /* Pods_submissionIosPemulaDicodingTests.framework */ = {isa = PBXFileReference; explicitFileType = wrapper.framework; includeInIndex = 0; path = Pods_submissionIosPemulaDicodingTests.framework; sourceTree = BUILT_PRODUCTS_DIR; };
		E00ED30B295B93FC00034C96 /* DetailGame */ = {isa = PBXFileReference; lastKnownFileType = wrapper; path = DetailGame; sourceTree = "<group>"; };
		E00ED30E295B944D00034C96 /* FavoriteGame */ = {isa = PBXFileReference; lastKnownFileType = wrapper; path = FavoriteGame; sourceTree = "<group>"; };
		E010056F28F3FBBE0087B0D0 /* ListFavoriteGamesViewController.swift */ = {isa = PBXFileReference; lastKnownFileType = sourcecode.swift; path = ListFavoriteGamesViewController.swift; sourceTree = "<group>"; };
		E010057028F3FBBE0087B0D0 /* ListFavoriteGamesViewController.xib */ = {isa = PBXFileReference; lastKnownFileType = file.xib; path = ListFavoriteGamesViewController.xib; sourceTree = "<group>"; };
		E010057828F4A85B0087B0D0 /* FavoriteGamesCell.swift */ = {isa = PBXFileReference; lastKnownFileType = sourcecode.swift; path = FavoriteGamesCell.swift; sourceTree = "<group>"; };
		E010057928F4A85B0087B0D0 /* FavoriteGamesCell.xib */ = {isa = PBXFileReference; lastKnownFileType = file.xib; path = FavoriteGamesCell.xib; sourceTree = "<group>"; };
		E01DCB5E28ED8535002C2767 /* Helper.swift */ = {isa = PBXFileReference; lastKnownFileType = sourcecode.swift; path = Helper.swift; sourceTree = "<group>"; };
		E03E421728DB3EBA001A580D /* MainViewController.swift */ = {isa = PBXFileReference; lastKnownFileType = sourcecode.swift; path = MainViewController.swift; sourceTree = "<group>"; };
		E03E421828DB3EBA001A580D /* MainViewController.xib */ = {isa = PBXFileReference; lastKnownFileType = file.xib; path = MainViewController.xib; sourceTree = "<group>"; };
		E03EBA9B28DD21CF0020A488 /* ProfileViewController.swift */ = {isa = PBXFileReference; lastKnownFileType = sourcecode.swift; path = ProfileViewController.swift; sourceTree = "<group>"; };
		E03EBA9C28DD21CF0020A488 /* ProfileViewController.xib */ = {isa = PBXFileReference; lastKnownFileType = file.xib; path = ProfileViewController.xib; sourceTree = "<group>"; };
		E03EBAA428DD2BBD0020A488 /* LoadingViewController.swift */ = {isa = PBXFileReference; lastKnownFileType = sourcecode.swift; path = LoadingViewController.swift; sourceTree = "<group>"; };
		E03EBAA528DD2BBD0020A488 /* LoadingViewController.xib */ = {isa = PBXFileReference; lastKnownFileType = file.xib; path = LoadingViewController.xib; sourceTree = "<group>"; };
		E04A9BD1295BA7C400D772C8 /* AppDelegate.swift */ = {isa = PBXFileReference; lastKnownFileType = sourcecode.swift; path = AppDelegate.swift; sourceTree = "<group>"; };
		E04A9BD4295C525300D772C8 /* GameSubmission.xcdatamodel */ = {isa = PBXFileReference; lastKnownFileType = wrapper.xcdatamodel; path = GameSubmission.xcdatamodel; sourceTree = "<group>"; };
		E0AC84DF294F79A0002825B7 /* Injection.swift */ = {isa = PBXFileReference; lastKnownFileType = sourcecode.swift; path = Injection.swift; sourceTree = "<group>"; };
		E0BC396928EF24C30096287B /* DateTime.swift */ = {isa = PBXFileReference; lastKnownFileType = sourcecode.swift; path = DateTime.swift; sourceTree = "<group>"; };
		E0BC397228EF33B10096287B /* DetailGameViewController.swift */ = {isa = PBXFileReference; lastKnownFileType = sourcecode.swift; path = DetailGameViewController.swift; sourceTree = "<group>"; };
		E0BC397328EF33B10096287B /* DetailGameViewController.xib */ = {isa = PBXFileReference; lastKnownFileType = file.xib; path = DetailGameViewController.xib; sourceTree = "<group>"; };
		E0BC397B28EF3ADB0096287B /* RatingCell.swift */ = {isa = PBXFileReference; lastKnownFileType = sourcecode.swift; path = RatingCell.swift; sourceTree = "<group>"; };
		E0BC397C28EF3ADB0096287B /* RatingCell.xib */ = {isa = PBXFileReference; lastKnownFileType = file.xib; path = RatingCell.xib; sourceTree = "<group>"; };
		E0C0461728DC5E24004804B1 /* SplashViewController.swift */ = {isa = PBXFileReference; lastKnownFileType = sourcecode.swift; path = SplashViewController.swift; sourceTree = "<group>"; };
		E0C0461828DC5E24004804B1 /* SplashViewController.xib */ = {isa = PBXFileReference; lastKnownFileType = file.xib; path = SplashViewController.xib; sourceTree = "<group>"; };
		E0C0461F28DC5FDD004804B1 /* ModuleBuilder.swift */ = {isa = PBXFileReference; lastKnownFileType = sourcecode.swift; path = ModuleBuilder.swift; sourceTree = "<group>"; };
		E0C0462328DC6013004804B1 /* ModuleEnum.swift */ = {isa = PBXFileReference; lastKnownFileType = sourcecode.swift; path = ModuleEnum.swift; sourceTree = "<group>"; };
		E0C0462C28DC68F4004804B1 /* ListSportCell.swift */ = {isa = PBXFileReference; lastKnownFileType = sourcecode.swift; path = ListSportCell.swift; sourceTree = "<group>"; };
		E0C0462D28DC68F4004804B1 /* ListSportCell.xib */ = {isa = PBXFileReference; lastKnownFileType = file.xib; path = ListSportCell.xib; sourceTree = "<group>"; };
		E0C52589295AC59E0005AE7F /* .travis.yml */ = {isa = PBXFileReference; lastKnownFileType = text.yaml; path = .travis.yml; sourceTree = "<group>"; };
		E0C5259D295AF6960005AE7F /* submissionIosPemulaDicodingTests.xctest */ = {isa = PBXFileReference; explicitFileType = wrapper.cfbundle; includeInIndex = 0; path = submissionIosPemulaDicodingTests.xctest; sourceTree = BUILT_PRODUCTS_DIR; };
		E0C5259F295AF6960005AE7F /* submissionIosPemulaDicodingTests.swift */ = {isa = PBXFileReference; lastKnownFileType = sourcecode.swift; path = submissionIosPemulaDicodingTests.swift; sourceTree = "<group>"; };
		E0EBAC96295E57A700171200 /* CoreBluetooth.framework */ = {isa = PBXFileReference; lastKnownFileType = wrapper.framework; name = CoreBluetooth.framework; path = System/Library/Frameworks/CoreBluetooth.framework; sourceTree = SDKROOT; };
		E0EBAC98295E58B700171200 /* Accelerate.framework */ = {isa = PBXFileReference; lastKnownFileType = wrapper.framework; name = Accelerate.framework; path = System/Library/Frameworks/Accelerate.framework; sourceTree = SDKROOT; };
		E0EC062E29411172000B6268 /* .swiftlint.yml */ = {isa = PBXFileReference; lastKnownFileType = text.yaml; path = .swiftlint.yml; sourceTree = "<group>"; };
		E0F3CDE828DB373C00325A90 /* submission-ios-pemula-dicoding.app */ = {isa = PBXFileReference; explicitFileType = wrapper.application; includeInIndex = 0; path = "submission-ios-pemula-dicoding.app"; sourceTree = BUILT_PRODUCTS_DIR; };
		E0F3CDEF28DB373C00325A90 /* ViewController.swift */ = {isa = PBXFileReference; lastKnownFileType = sourcecode.swift; path = ViewController.swift; sourceTree = "<group>"; };
		E0F3CDF228DB373C00325A90 /* Base */ = {isa = PBXFileReference; lastKnownFileType = file.storyboard; name = Base; path = Base.lproj/Main.storyboard; sourceTree = "<group>"; };
		E0F3CDF428DB373D00325A90 /* Assets.xcassets */ = {isa = PBXFileReference; lastKnownFileType = folder.assetcatalog; path = Assets.xcassets; sourceTree = "<group>"; };
		E0F3CDF728DB373D00325A90 /* Base */ = {isa = PBXFileReference; lastKnownFileType = file.storyboard; name = Base; path = Base.lproj/LaunchScreen.storyboard; sourceTree = "<group>"; };
		E0F3CDF928DB373D00325A90 /* Info.plist */ = {isa = PBXFileReference; lastKnownFileType = text.plist.xml; path = Info.plist; sourceTree = "<group>"; };
/* End PBXFileReference section */

/* Begin PBXFrameworksBuildPhase section */
		E0C5259A295AF6960005AE7F /* Frameworks */ = {
			isa = PBXFrameworksBuildPhase;
			buildActionMask = 2147483647;
			files = (
				560752A9B2C3BCA0B957DA41 /* Pods_submissionIosPemulaDicodingTests.framework in Frameworks */,
			);
			runOnlyForDeploymentPostprocessing = 0;
		};
		E0F3CDE528DB373C00325A90 /* Frameworks */ = {
			isa = PBXFrameworksBuildPhase;
			buildActionMask = 2147483647;
			files = (
				E00ED2FC295B92DB00034C96 /* RxSwift in Frameworks */,
				E00ED2FF295B92F200034C96 /* Alamofire in Frameworks */,
				E00ED2FA295B92DB00034C96 /* RxCocoa in Frameworks */,
				0741E90C6D5D6FE079D32C57 /* Pods_submission_ios_pemula_dicoding.framework in Frameworks */,
				E00ED302295B930300034C96 /* Kingfisher in Frameworks */,
				E00ED310295B945900034C96 /* FavoriteGame in Frameworks */,
				E04DC64029616B76005B5E8E /* Game in Frameworks */,
				E00ED30D295B943E00034C96 /* DetailGame in Frameworks */,
			);
			runOnlyForDeploymentPostprocessing = 0;
		};
/* End PBXFrameworksBuildPhase section */

/* Begin PBXGroup section */
		65DC630D1195656D56B90549 /* Frameworks */ = {
			isa = PBXGroup;
			children = (
				E0EBAC98295E58B700171200 /* Accelerate.framework */,
				E0EBAC96295E57A700171200 /* CoreBluetooth.framework */,
				105C82C6EF72C96565448483 /* Pods_submission_ios_pemula_dicoding.framework */,
				254B0F7CB0C54166B09A5BEA /* Pods_submission_ios_pemula_dicodingTests.framework */,
				B8373D06FBE65EF4E3EE3D1D /* Pods_submissionIosPemulaDicodingTests.framework */,
			);
			name = Frameworks;
			sourceTree = "<group>";
		};
		9A85BA2C68ED7F4A69E80928 /* Pods */ = {
			isa = PBXGroup;
			children = (
				B5427F84FA2C1EFAFB34B158 /* Pods-submission-ios-pemula-dicoding.debug.xcconfig */,
				AA85830982DD759149F6F532 /* Pods-submission-ios-pemula-dicoding.release.xcconfig */,
				4190A063F44D3CBD7E98BD68 /* Pods-submission-ios-pemula-dicodingTests.debug.xcconfig */,
				5D0D36ED09E720164C8AD933 /* Pods-submission-ios-pemula-dicodingTests.release.xcconfig */,
				5FFE8052CD2388C8C97D47B7 /* Pods-submissionIosPemulaDicodingTests.debug.xcconfig */,
				1906E74809467B998C1A6227 /* Pods-submissionIosPemulaDicodingTests.release.xcconfig */,
			);
			path = Pods;
			sourceTree = "<group>";
		};
		E00D813D295423E100EF1E63 /* Core */ = {
			isa = PBXGroup;
			children = (
				E0AC84DC294F7980002825B7 /* Injection */,
				E01DCB5528ED82D3002C2767 /* Helpers */,
				E03E422028DB4123001A580D /* Utils */,
				E03E422128DB412A001A580D /* Enum */,
			);
			path = Core;
			sourceTree = "<group>";
		};
		E00D813E295424E500EF1E63 /* Views */ = {
			isa = PBXGroup;
			children = (
				E010057728F4A83F0087B0D0 /* Cell */,
				E010056F28F3FBBE0087B0D0 /* ListFavoriteGamesViewController.swift */,
				E010057028F3FBBE0087B0D0 /* ListFavoriteGamesViewController.xib */,
			);
			path = Views;
			sourceTree = "<group>";
		};
		E00D81402954251800EF1E63 /* Views */ = {
			isa = PBXGroup;
			children = (
				E0BC397A28EF3AC10096287B /* Cell */,
				E0BC397228EF33B10096287B /* DetailGameViewController.swift */,
				E0BC397328EF33B10096287B /* DetailGameViewController.xib */,
			);
			path = Views;
			sourceTree = "<group>";
		};
		E00D81432954255500EF1E63 /* Common */ = {
			isa = PBXGroup;
			children = (
				E03EBAA328DD2BAC0020A488 /* Loading */,
			);
			path = Common;
			sourceTree = "<group>";
		};
		E00D81442954257400EF1E63 /* Views */ = {
			isa = PBXGroup;
			children = (
				E0C0462B28DC68AF004804B1 /* Cell */,
				E03E421728DB3EBA001A580D /* MainViewController.swift */,
				E03E421828DB3EBA001A580D /* MainViewController.xib */,
			);
			path = Views;
			sourceTree = "<group>";
		};
		E010056E28F3FB9A0087B0D0 /* ListFavoriteGames */ = {
			isa = PBXGroup;
			children = (
				E00D813E295424E500EF1E63 /* Views */,
			);
			path = ListFavoriteGames;
			sourceTree = "<group>";
		};
		E010057728F4A83F0087B0D0 /* Cell */ = {
			isa = PBXGroup;
			children = (
				E010057828F4A85B0087B0D0 /* FavoriteGamesCell.swift */,
				E010057928F4A85B0087B0D0 /* FavoriteGamesCell.xib */,
			);
			path = Cell;
			sourceTree = "<group>";
		};
		E01DCB5528ED82D3002C2767 /* Helpers */ = {
			isa = PBXGroup;
			children = (
				E01DCB5E28ED8535002C2767 /* Helper.swift */,
				E0BC396928EF24C30096287B /* DateTime.swift */,
			);
			path = Helpers;
			sourceTree = "<group>";
		};
		E03E421528DB3E87001A580D /* Modules */ = {
			isa = PBXGroup;
			children = (
				E010056E28F3FB9A0087B0D0 /* ListFavoriteGames */,
				E0BC397128EF33960096287B /* DetailGame */,
				E03EBA9A28DD21B70020A488 /* Profile */,
				E0C0461628DC5DE2004804B1 /* Splash */,
				E03E421628DB3EA0001A580D /* Main */,
			);
			path = Modules;
			sourceTree = "<group>";
		};
		E03E421628DB3EA0001A580D /* Main */ = {
			isa = PBXGroup;
			children = (
				E00D81442954257400EF1E63 /* Views */,
			);
			path = Main;
			sourceTree = "<group>";
		};
		E03E422028DB4123001A580D /* Utils */ = {
			isa = PBXGroup;
			children = (
				E0C0461F28DC5FDD004804B1 /* ModuleBuilder.swift */,
			);
			path = Utils;
			sourceTree = "<group>";
		};
		E03E422128DB412A001A580D /* Enum */ = {
			isa = PBXGroup;
			children = (
				E0C0462328DC6013004804B1 /* ModuleEnum.swift */,
			);
			path = Enum;
			sourceTree = "<group>";
		};
		E03EBA9A28DD21B70020A488 /* Profile */ = {
			isa = PBXGroup;
			children = (
				E03EBA9B28DD21CF0020A488 /* ProfileViewController.swift */,
				E03EBA9C28DD21CF0020A488 /* ProfileViewController.xib */,
			);
			path = Profile;
			sourceTree = "<group>";
		};
		E03EBAA328DD2BAC0020A488 /* Loading */ = {
			isa = PBXGroup;
			children = (
				E03EBAA428DD2BBD0020A488 /* LoadingViewController.swift */,
				E03EBAA528DD2BBD0020A488 /* LoadingViewController.xib */,
			);
			path = Loading;
			sourceTree = "<group>";
		};
		E0AC84DC294F7980002825B7 /* Injection */ = {
			isa = PBXGroup;
			children = (
				E0AC84DF294F79A0002825B7 /* Injection.swift */,
			);
			path = Injection;
			sourceTree = "<group>";
		};
		E0BC397128EF33960096287B /* DetailGame */ = {
			isa = PBXGroup;
			children = (
				E00D81402954251800EF1E63 /* Views */,
			);
			path = DetailGame;
			sourceTree = "<group>";
		};
		E0BC397A28EF3AC10096287B /* Cell */ = {
			isa = PBXGroup;
			children = (
				E0BC397B28EF3ADB0096287B /* RatingCell.swift */,
				E0BC397C28EF3ADB0096287B /* RatingCell.xib */,
			);
			path = Cell;
			sourceTree = "<group>";
		};
		E0C0461628DC5DE2004804B1 /* Splash */ = {
			isa = PBXGroup;
			children = (
				E0C0461728DC5E24004804B1 /* SplashViewController.swift */,
				E0C0461828DC5E24004804B1 /* SplashViewController.xib */,
			);
			path = Splash;
			sourceTree = "<group>";
		};
		E0C0462B28DC68AF004804B1 /* Cell */ = {
			isa = PBXGroup;
			children = (
				E0C0462C28DC68F4004804B1 /* ListSportCell.swift */,
				E0C0462D28DC68F4004804B1 /* ListSportCell.xib */,
			);
			path = Cell;
			sourceTree = "<group>";
		};
		E0C5259E295AF6960005AE7F /* submissionIosPemulaDicodingTests */ = {
			isa = PBXGroup;
			children = (
				E0C5259F295AF6960005AE7F /* submissionIosPemulaDicodingTests.swift */,
			);
			path = submissionIosPemulaDicodingTests;
			sourceTree = "<group>";
		};
		E0F3CDDF28DB373C00325A90 = {
			isa = PBXGroup;
			children = (
				E00ED30B295B93FC00034C96 /* DetailGame */,
				E00ED30E295B944D00034C96 /* FavoriteGame */,
				E0C52589295AC59E0005AE7F /* .travis.yml */,
				E0EC062E29411172000B6268 /* .swiftlint.yml */,
				E0F3CDEA28DB373C00325A90 /* submission-ios-pemula-dicoding */,
				E0C5259E295AF6960005AE7F /* submissionIosPemulaDicodingTests */,
				E0F3CDE928DB373C00325A90 /* Products */,
				9A85BA2C68ED7F4A69E80928 /* Pods */,
				65DC630D1195656D56B90549 /* Frameworks */,
			);
			sourceTree = "<group>";
		};
		E0F3CDE928DB373C00325A90 /* Products */ = {
			isa = PBXGroup;
			children = (
				E0F3CDE828DB373C00325A90 /* submission-ios-pemula-dicoding.app */,
				E0C5259D295AF6960005AE7F /* submissionIosPemulaDicodingTests.xctest */,
			);
			name = Products;
			sourceTree = "<group>";
		};
		E0F3CDEA28DB373C00325A90 /* submission-ios-pemula-dicoding */ = {
			isa = PBXGroup;
			children = (
				E00D81432954255500EF1E63 /* Common */,
				E00D813D295423E100EF1E63 /* Core */,
				E03E421528DB3E87001A580D /* Modules */,
				E0F3CDEF28DB373C00325A90 /* ViewController.swift */,
				E04A9BD1295BA7C400D772C8 /* AppDelegate.swift */,
				E0F3CDF128DB373C00325A90 /* Main.storyboard */,
				E0F3CDF428DB373D00325A90 /* Assets.xcassets */,
				E0F3CDF628DB373D00325A90 /* LaunchScreen.storyboard */,
				E0F3CDF928DB373D00325A90 /* Info.plist */,
				E04A9BD3295C525300D772C8 /* GameSubmission.xcdatamodeld */,
			);
			path = "submission-ios-pemula-dicoding";
			sourceTree = "<group>";
		};
/* End PBXGroup section */

/* Begin PBXNativeTarget section */
		E0C5259C295AF6960005AE7F /* submissionIosPemulaDicodingTests */ = {
			isa = PBXNativeTarget;
			buildConfigurationList = E0C525A3295AF6960005AE7F /* Build configuration list for PBXNativeTarget "submissionIosPemulaDicodingTests" */;
			buildPhases = (
				C8D2A1BFEEF3D4BA1A053345 /* [CP] Check Pods Manifest.lock */,
				E0C52599295AF6960005AE7F /* Sources */,
				E0C5259A295AF6960005AE7F /* Frameworks */,
				E0C5259B295AF6960005AE7F /* Resources */,
			);
			buildRules = (
			);
			dependencies = (
				E0C525A2295AF6960005AE7F /* PBXTargetDependency */,
			);
			name = submissionIosPemulaDicodingTests;
			productName = submissionIosPemulaDicodingTests;
			productReference = E0C5259D295AF6960005AE7F /* submissionIosPemulaDicodingTests.xctest */;
			productType = "com.apple.product-type.bundle.unit-test";
		};
		E0F3CDE728DB373C00325A90 /* submission-ios-pemula-dicoding */ = {
			isa = PBXNativeTarget;
			buildConfigurationList = E0F3CE1228DB373D00325A90 /* Build configuration list for PBXNativeTarget "submission-ios-pemula-dicoding" */;
			buildPhases = (
				EDEAFB20E8E73FE8D976D762 /* [CP] Check Pods Manifest.lock */,
				E0F3CDE428DB373C00325A90 /* Sources */,
				E0F3CDE528DB373C00325A90 /* Frameworks */,
				E0F3CDE628DB373C00325A90 /* Resources */,
				E0EC062D29411043000B6268 /* ShellScript */,
			);
			buildRules = (
			);
			dependencies = (
			);
			name = "submission-ios-pemula-dicoding";
			packageProductDependencies = (
				E00ED2F9295B92DB00034C96 /* RxCocoa */,
				E00ED2FB295B92DB00034C96 /* RxSwift */,
				E00ED2FE295B92F200034C96 /* Alamofire */,
				E00ED301295B930300034C96 /* Kingfisher */,
				E00ED30C295B943E00034C96 /* DetailGame */,
				E00ED30F295B945900034C96 /* FavoriteGame */,
				E04DC63F29616B76005B5E8E /* Game */,
			);
			productName = "submission-ios-pemula-dicoding";
			productReference = E0F3CDE828DB373C00325A90 /* submission-ios-pemula-dicoding.app */;
			productType = "com.apple.product-type.application";
		};
/* End PBXNativeTarget section */

/* Begin PBXProject section */
		E0F3CDE028DB373C00325A90 /* Project object */ = {
			isa = PBXProject;
			attributes = {
				BuildIndependentTargetsInParallel = 1;
				LastSwiftUpdateCheck = 1340;
				LastUpgradeCheck = 1340;
				TargetAttributes = {
					E0C5259C295AF6960005AE7F = {
						CreatedOnToolsVersion = 13.4.1;
						TestTargetID = E0F3CDE728DB373C00325A90;
					};
					E0F3CDE728DB373C00325A90 = {
						CreatedOnToolsVersion = 13.4.1;
					};
				};
			};
			buildConfigurationList = E0F3CDE328DB373C00325A90 /* Build configuration list for PBXProject "submission-ios-pemula-dicoding" */;
			compatibilityVersion = "Xcode 13.0";
			developmentRegion = en;
			hasScannedForEncodings = 0;
			knownRegions = (
				en,
				Base,
			);
			mainGroup = E0F3CDDF28DB373C00325A90;
			packageReferences = (
				E00ED2F8295B92DB00034C96 /* XCRemoteSwiftPackageReference "RxSwift" */,
				E00ED2FD295B92F200034C96 /* XCRemoteSwiftPackageReference "Alamofire" */,
				E00ED300295B930300034C96 /* XCRemoteSwiftPackageReference "Kingfisher" */,
				E04DC63E29616B76005B5E8E /* XCRemoteSwiftPackageReference "SubmissionModulGame" */,
			);
			productRefGroup = E0F3CDE928DB373C00325A90 /* Products */;
			projectDirPath = "";
			projectRoot = "";
			targets = (
				E0F3CDE728DB373C00325A90 /* submission-ios-pemula-dicoding */,
				E0C5259C295AF6960005AE7F /* submissionIosPemulaDicodingTests */,
			);
		};
/* End PBXProject section */

/* Begin PBXResourcesBuildPhase section */
		E0C5259B295AF6960005AE7F /* Resources */ = {
			isa = PBXResourcesBuildPhase;
			buildActionMask = 2147483647;
			files = (
			);
			runOnlyForDeploymentPostprocessing = 0;
		};
		E0F3CDE628DB373C00325A90 /* Resources */ = {
			isa = PBXResourcesBuildPhase;
			buildActionMask = 2147483647;
			files = (
				E0EC062F29411172000B6268 /* .swiftlint.yml in Resources */,
				E03EBAA928DD2BBD0020A488 /* LoadingViewController.xib in Resources */,
				E0BC397728EF33B10096287B /* DetailGameViewController.xib in Resources */,
				E0BC398028EF3ADB0096287B /* RatingCell.xib in Resources */,
				E0F3CDF828DB373D00325A90 /* LaunchScreen.storyboard in Resources */,
				E0F3CDF528DB373D00325A90 /* Assets.xcassets in Resources */,
				E03EBAA028DD21CF0020A488 /* ProfileViewController.xib in Resources */,
				E0F3CDF328DB373C00325A90 /* Main.storyboard in Resources */,
				E0C0461C28DC5E24004804B1 /* SplashViewController.xib in Resources */,
				E010057428F3FBBE0087B0D0 /* ListFavoriteGamesViewController.xib in Resources */,
				E0C0463128DC68F4004804B1 /* ListSportCell.xib in Resources */,
				E03E421C28DB3EBA001A580D /* MainViewController.xib in Resources */,
				E0C5258A295AC59E0005AE7F /* .travis.yml in Resources */,
				E010057D28F4A85B0087B0D0 /* FavoriteGamesCell.xib in Resources */,
			);
			runOnlyForDeploymentPostprocessing = 0;
		};
/* End PBXResourcesBuildPhase section */

/* Begin PBXShellScriptBuildPhase section */
		C8D2A1BFEEF3D4BA1A053345 /* [CP] Check Pods Manifest.lock */ = {
			isa = PBXShellScriptBuildPhase;
			buildActionMask = 2147483647;
			files = (
			);
			inputFileListPaths = (
			);
			inputPaths = (
				"${PODS_PODFILE_DIR_PATH}/Podfile.lock",
				"${PODS_ROOT}/Manifest.lock",
			);
			name = "[CP] Check Pods Manifest.lock";
			outputFileListPaths = (
			);
			outputPaths = (
				"$(DERIVED_FILE_DIR)/Pods-submissionIosPemulaDicodingTests-checkManifestLockResult.txt",
			);
			runOnlyForDeploymentPostprocessing = 0;
			shellPath = /bin/sh;
			shellScript = "diff \"${PODS_PODFILE_DIR_PATH}/Podfile.lock\" \"${PODS_ROOT}/Manifest.lock\" > /dev/null\nif [ $? != 0 ] ; then\n    # print error to STDERR\n    echo \"error: The sandbox is not in sync with the Podfile.lock. Run 'pod install' or update your CocoaPods installation.\" >&2\n    exit 1\nfi\n# This output is used by Xcode 'outputs' to avoid re-running this script phase.\necho \"SUCCESS\" > \"${SCRIPT_OUTPUT_FILE_0}\"\n";
			showEnvVarsInLog = 0;
		};
		E0EC062D29411043000B6268 /* ShellScript */ = {
			isa = PBXShellScriptBuildPhase;
			buildActionMask = 2147483647;
			files = (
			);
			inputFileListPaths = (
			);
			inputPaths = (
			);
			outputFileListPaths = (
			);
			outputPaths = (
			);
			runOnlyForDeploymentPostprocessing = 0;
			shellPath = /bin/sh;
			shellScript = "if which swiftlint >/dev/null; then \n    swiftlint \nelse \n    echo \"warning: SwiftLint not installed, download from https://github.com/realm/SwiftLint\" \nfi\n";
		};
		EDEAFB20E8E73FE8D976D762 /* [CP] Check Pods Manifest.lock */ = {
			isa = PBXShellScriptBuildPhase;
			buildActionMask = 2147483647;
			files = (
			);
			inputFileListPaths = (
			);
			inputPaths = (
				"${PODS_PODFILE_DIR_PATH}/Podfile.lock",
				"${PODS_ROOT}/Manifest.lock",
			);
			name = "[CP] Check Pods Manifest.lock";
			outputFileListPaths = (
			);
			outputPaths = (
				"$(DERIVED_FILE_DIR)/Pods-submission-ios-pemula-dicoding-checkManifestLockResult.txt",
			);
			runOnlyForDeploymentPostprocessing = 0;
			shellPath = /bin/sh;
			shellScript = "diff \"${PODS_PODFILE_DIR_PATH}/Podfile.lock\" \"${PODS_ROOT}/Manifest.lock\" > /dev/null\nif [ $? != 0 ] ; then\n    # print error to STDERR\n    echo \"error: The sandbox is not in sync with the Podfile.lock. Run 'pod install' or update your CocoaPods installation.\" >&2\n    exit 1\nfi\n# This output is used by Xcode 'outputs' to avoid re-running this script phase.\necho \"SUCCESS\" > \"${SCRIPT_OUTPUT_FILE_0}\"\n";
			showEnvVarsInLog = 0;
		};
/* End PBXShellScriptBuildPhase section */

/* Begin PBXSourcesBuildPhase section */
		E0C52599295AF6960005AE7F /* Sources */ = {
			isa = PBXSourcesBuildPhase;
			buildActionMask = 2147483647;
			files = (
				E0C525A0295AF6960005AE7F /* submissionIosPemulaDicodingTests.swift in Sources */,
			);
			runOnlyForDeploymentPostprocessing = 0;
		};
		E0F3CDE428DB373C00325A90 /* Sources */ = {
			isa = PBXSourcesBuildPhase;
			buildActionMask = 2147483647;
			files = (
				E0C0462428DC6013004804B1 /* ModuleEnum.swift in Sources */,
				E03EBAA628DD2BBD0020A488 /* LoadingViewController.swift in Sources */,
				E0C0462E28DC68F4004804B1 /* ListSportCell.swift in Sources */,
				E0BC396A28EF24C30096287B /* DateTime.swift in Sources */,
				E0AC84E0294F79A0002825B7 /* Injection.swift in Sources */,
				E03E421928DB3EBA001A580D /* MainViewController.swift in Sources */,
				E01DCB5F28ED8535002C2767 /* Helper.swift in Sources */,
				E0F3CDF028DB373C00325A90 /* ViewController.swift in Sources */,
				E0BC397D28EF3ADB0096287B /* RatingCell.swift in Sources */,
				E0C0462028DC5FDD004804B1 /* ModuleBuilder.swift in Sources */,
				E010057128F3FBBE0087B0D0 /* ListFavoriteGamesViewController.swift in Sources */,
				E0C0461928DC5E24004804B1 /* SplashViewController.swift in Sources */,
				E03EBA9D28DD21CF0020A488 /* ProfileViewController.swift in Sources */,
				E0BC397428EF33B10096287B /* DetailGameViewController.swift in Sources */,
				E04A9BD2295BA7C400D772C8 /* AppDelegate.swift in Sources */,
				E010057A28F4A85B0087B0D0 /* FavoriteGamesCell.swift in Sources */,
			);
			runOnlyForDeploymentPostprocessing = 0;
		};
/* End PBXSourcesBuildPhase section */

/* Begin PBXTargetDependency section */
		E0C525A2295AF6960005AE7F /* PBXTargetDependency */ = {
			isa = PBXTargetDependency;
			target = E0F3CDE728DB373C00325A90 /* submission-ios-pemula-dicoding */;
			targetProxy = E0C525A1295AF6960005AE7F /* PBXContainerItemProxy */;
		};
/* End PBXTargetDependency section */

/* Begin PBXVariantGroup section */
		E0F3CDF128DB373C00325A90 /* Main.storyboard */ = {
			isa = PBXVariantGroup;
			children = (
				E0F3CDF228DB373C00325A90 /* Base */,
			);
			name = Main.storyboard;
			sourceTree = "<group>";
		};
		E0F3CDF628DB373D00325A90 /* LaunchScreen.storyboard */ = {
			isa = PBXVariantGroup;
			children = (
				E0F3CDF728DB373D00325A90 /* Base */,
			);
			name = LaunchScreen.storyboard;
			sourceTree = "<group>";
		};
/* End PBXVariantGroup section */

/* Begin XCBuildConfiguration section */
		E0C525A4295AF6960005AE7F /* Debug */ = {
			isa = XCBuildConfiguration;
			baseConfigurationReference = 5FFE8052CD2388C8C97D47B7 /* Pods-submissionIosPemulaDicodingTests.debug.xcconfig */;
			buildSettings = {
				BUNDLE_LOADER = "$(TEST_HOST)";
				CODE_SIGN_STYLE = Automatic;
				CURRENT_PROJECT_VERSION = 1;
				GENERATE_INFOPLIST_FILE = YES;
				MARKETING_VERSION = 1.0;
				PRODUCT_BUNDLE_IDENTIFIER = com.jovanes.submissionIosPemulaDicodingTests;
				PRODUCT_NAME = "$(TARGET_NAME)";
				SWIFT_EMIT_LOC_STRINGS = NO;
				SWIFT_VERSION = 5.0;
				TARGETED_DEVICE_FAMILY = "1,2";
				TEST_HOST = "$(BUILT_PRODUCTS_DIR)/submission-ios-pemula-dicoding.app/submission-ios-pemula-dicoding";
			};
			name = Debug;
		};
		E0C525A5295AF6960005AE7F /* Release */ = {
			isa = XCBuildConfiguration;
			baseConfigurationReference = 1906E74809467B998C1A6227 /* Pods-submissionIosPemulaDicodingTests.release.xcconfig */;
			buildSettings = {
				BUNDLE_LOADER = "$(TEST_HOST)";
				CODE_SIGN_STYLE = Automatic;
				CURRENT_PROJECT_VERSION = 1;
				GENERATE_INFOPLIST_FILE = YES;
				MARKETING_VERSION = 1.0;
				PRODUCT_BUNDLE_IDENTIFIER = com.jovanes.submissionIosPemulaDicodingTests;
				PRODUCT_NAME = "$(TARGET_NAME)";
				SWIFT_EMIT_LOC_STRINGS = NO;
				SWIFT_VERSION = 5.0;
				TARGETED_DEVICE_FAMILY = "1,2";
				TEST_HOST = "$(BUILT_PRODUCTS_DIR)/submission-ios-pemula-dicoding.app/submission-ios-pemula-dicoding";
			};
			name = Release;
		};
		E0F3CE1028DB373D00325A90 /* Debug */ = {
			isa = XCBuildConfiguration;
			buildSettings = {
				ALWAYS_SEARCH_USER_PATHS = NO;
				CLANG_ANALYZER_NONNULL = YES;
				CLANG_ANALYZER_NUMBER_OBJECT_CONVERSION = YES_AGGRESSIVE;
				CLANG_CXX_LANGUAGE_STANDARD = "gnu++17";
				CLANG_ENABLE_MODULES = YES;
				CLANG_ENABLE_OBJC_ARC = YES;
				CLANG_ENABLE_OBJC_WEAK = YES;
				CLANG_WARN_BLOCK_CAPTURE_AUTORELEASING = YES;
				CLANG_WARN_BOOL_CONVERSION = YES;
				CLANG_WARN_COMMA = YES;
				CLANG_WARN_CONSTANT_CONVERSION = YES;
				CLANG_WARN_DEPRECATED_OBJC_IMPLEMENTATIONS = YES;
				CLANG_WARN_DIRECT_OBJC_ISA_USAGE = YES_ERROR;
				CLANG_WARN_DOCUMENTATION_COMMENTS = YES;
				CLANG_WARN_EMPTY_BODY = YES;
				CLANG_WARN_ENUM_CONVERSION = YES;
				CLANG_WARN_INFINITE_RECURSION = YES;
				CLANG_WARN_INT_CONVERSION = YES;
				CLANG_WARN_NON_LITERAL_NULL_CONVERSION = YES;
				CLANG_WARN_OBJC_IMPLICIT_RETAIN_SELF = YES;
				CLANG_WARN_OBJC_LITERAL_CONVERSION = YES;
				CLANG_WARN_OBJC_ROOT_CLASS = YES_ERROR;
				CLANG_WARN_QUOTED_INCLUDE_IN_FRAMEWORK_HEADER = YES;
				CLANG_WARN_RANGE_LOOP_ANALYSIS = YES;
				CLANG_WARN_STRICT_PROTOTYPES = YES;
				CLANG_WARN_SUSPICIOUS_MOVE = YES;
				CLANG_WARN_UNGUARDED_AVAILABILITY = YES_AGGRESSIVE;
				CLANG_WARN_UNREACHABLE_CODE = YES;
				CLANG_WARN__DUPLICATE_METHOD_MATCH = YES;
				COPY_PHASE_STRIP = NO;
				DEBUG_INFORMATION_FORMAT = dwarf;
				ENABLE_STRICT_OBJC_MSGSEND = YES;
				ENABLE_TESTABILITY = YES;
				GCC_C_LANGUAGE_STANDARD = gnu11;
				GCC_DYNAMIC_NO_PIC = NO;
				GCC_NO_COMMON_BLOCKS = YES;
				GCC_OPTIMIZATION_LEVEL = 0;
				GCC_PREPROCESSOR_DEFINITIONS = (
					"DEBUG=1",
					"$(inherited)",
				);
				GCC_WARN_64_TO_32_BIT_CONVERSION = YES;
				GCC_WARN_ABOUT_RETURN_TYPE = YES_ERROR;
				GCC_WARN_UNDECLARED_SELECTOR = YES;
				GCC_WARN_UNINITIALIZED_AUTOS = YES_AGGRESSIVE;
				GCC_WARN_UNUSED_FUNCTION = YES;
				GCC_WARN_UNUSED_VARIABLE = YES;
				IPHONEOS_DEPLOYMENT_TARGET = 15.5;
				MTL_ENABLE_DEBUG_INFO = INCLUDE_SOURCE;
				MTL_FAST_MATH = YES;
				ONLY_ACTIVE_ARCH = YES;
				SDKROOT = iphoneos;
				SWIFT_ACTIVE_COMPILATION_CONDITIONS = DEBUG;
				SWIFT_OPTIMIZATION_LEVEL = "-Onone";
			};
			name = Debug;
		};
		E0F3CE1128DB373D00325A90 /* Release */ = {
			isa = XCBuildConfiguration;
			buildSettings = {
				ALWAYS_SEARCH_USER_PATHS = NO;
				CLANG_ANALYZER_NONNULL = YES;
				CLANG_ANALYZER_NUMBER_OBJECT_CONVERSION = YES_AGGRESSIVE;
				CLANG_CXX_LANGUAGE_STANDARD = "gnu++17";
				CLANG_ENABLE_MODULES = YES;
				CLANG_ENABLE_OBJC_ARC = YES;
				CLANG_ENABLE_OBJC_WEAK = YES;
				CLANG_WARN_BLOCK_CAPTURE_AUTORELEASING = YES;
				CLANG_WARN_BOOL_CONVERSION = YES;
				CLANG_WARN_COMMA = YES;
				CLANG_WARN_CONSTANT_CONVERSION = YES;
				CLANG_WARN_DEPRECATED_OBJC_IMPLEMENTATIONS = YES;
				CLANG_WARN_DIRECT_OBJC_ISA_USAGE = YES_ERROR;
				CLANG_WARN_DOCUMENTATION_COMMENTS = YES;
				CLANG_WARN_EMPTY_BODY = YES;
				CLANG_WARN_ENUM_CONVERSION = YES;
				CLANG_WARN_INFINITE_RECURSION = YES;
				CLANG_WARN_INT_CONVERSION = YES;
				CLANG_WARN_NON_LITERAL_NULL_CONVERSION = YES;
				CLANG_WARN_OBJC_IMPLICIT_RETAIN_SELF = YES;
				CLANG_WARN_OBJC_LITERAL_CONVERSION = YES;
				CLANG_WARN_OBJC_ROOT_CLASS = YES_ERROR;
				CLANG_WARN_QUOTED_INCLUDE_IN_FRAMEWORK_HEADER = YES;
				CLANG_WARN_RANGE_LOOP_ANALYSIS = YES;
				CLANG_WARN_STRICT_PROTOTYPES = YES;
				CLANG_WARN_SUSPICIOUS_MOVE = YES;
				CLANG_WARN_UNGUARDED_AVAILABILITY = YES_AGGRESSIVE;
				CLANG_WARN_UNREACHABLE_CODE = YES;
				CLANG_WARN__DUPLICATE_METHOD_MATCH = YES;
				COPY_PHASE_STRIP = NO;
				DEBUG_INFORMATION_FORMAT = "dwarf-with-dsym";
				ENABLE_NS_ASSERTIONS = NO;
				ENABLE_STRICT_OBJC_MSGSEND = YES;
				GCC_C_LANGUAGE_STANDARD = gnu11;
				GCC_NO_COMMON_BLOCKS = YES;
				GCC_WARN_64_TO_32_BIT_CONVERSION = YES;
				GCC_WARN_ABOUT_RETURN_TYPE = YES_ERROR;
				GCC_WARN_UNDECLARED_SELECTOR = YES;
				GCC_WARN_UNINITIALIZED_AUTOS = YES_AGGRESSIVE;
				GCC_WARN_UNUSED_FUNCTION = YES;
				GCC_WARN_UNUSED_VARIABLE = YES;
				IPHONEOS_DEPLOYMENT_TARGET = 15.5;
				MTL_ENABLE_DEBUG_INFO = NO;
				MTL_FAST_MATH = YES;
				SDKROOT = iphoneos;
				SWIFT_COMPILATION_MODE = wholemodule;
				SWIFT_OPTIMIZATION_LEVEL = "-O";
				VALIDATE_PRODUCT = YES;
			};
			name = Release;
		};
		E0F3CE1328DB373D00325A90 /* Debug */ = {
			isa = XCBuildConfiguration;
			baseConfigurationReference = B5427F84FA2C1EFAFB34B158 /* Pods-submission-ios-pemula-dicoding.debug.xcconfig */;
			buildSettings = {
				ASSETCATALOG_COMPILER_APPICON_NAME = AppIcon;
				ASSETCATALOG_COMPILER_GLOBAL_ACCENT_COLOR_NAME = AccentColor;
				CODE_SIGN_STYLE = Automatic;
				CURRENT_PROJECT_VERSION = 1;
				DEVELOPMENT_TEAM = 8J266QK7MY;
				GENERATE_INFOPLIST_FILE = YES;
				INFOPLIST_FILE = "submission-ios-pemula-dicoding/Info.plist";
				INFOPLIST_KEY_UIApplicationSupportsIndirectInputEvents = YES;
				INFOPLIST_KEY_UILaunchStoryboardName = LaunchScreen;
				INFOPLIST_KEY_UIMainStoryboardFile = Main;
				INFOPLIST_KEY_UISupportedInterfaceOrientations_iPad = "UIInterfaceOrientationPortrait UIInterfaceOrientationPortraitUpsideDown UIInterfaceOrientationLandscapeLeft UIInterfaceOrientationLandscapeRight";
				INFOPLIST_KEY_UISupportedInterfaceOrientations_iPhone = "UIInterfaceOrientationPortrait UIInterfaceOrientationLandscapeLeft UIInterfaceOrientationLandscapeRight";
				IPHONEOS_DEPLOYMENT_TARGET = 14.0;
				LD_RUNPATH_SEARCH_PATHS = (
					"$(inherited)",
					"@executable_path/Frameworks",
				);
				MARKETING_VERSION = 1.0;
				PRODUCT_BUNDLE_IDENTIFIER = "com.jovanes.submission-ios-pemula-dicoding";
				PRODUCT_NAME = "$(TARGET_NAME)";
				SWIFT_EMIT_LOC_STRINGS = YES;
				SWIFT_VERSION = 5.0;
				TARGETED_DEVICE_FAMILY = "1,2";
			};
			name = Debug;
		};
		E0F3CE1428DB373D00325A90 /* Release */ = {
			isa = XCBuildConfiguration;
			baseConfigurationReference = AA85830982DD759149F6F532 /* Pods-submission-ios-pemula-dicoding.release.xcconfig */;
			buildSettings = {
				ASSETCATALOG_COMPILER_APPICON_NAME = AppIcon;
				ASSETCATALOG_COMPILER_GLOBAL_ACCENT_COLOR_NAME = AccentColor;
				CODE_SIGN_STYLE = Automatic;
				CURRENT_PROJECT_VERSION = 1;
				DEVELOPMENT_TEAM = 8J266QK7MY;
				GENERATE_INFOPLIST_FILE = YES;
				INFOPLIST_FILE = "submission-ios-pemula-dicoding/Info.plist";
				INFOPLIST_KEY_UIApplicationSupportsIndirectInputEvents = YES;
				INFOPLIST_KEY_UILaunchStoryboardName = LaunchScreen;
				INFOPLIST_KEY_UIMainStoryboardFile = Main;
				INFOPLIST_KEY_UISupportedInterfaceOrientations_iPad = "UIInterfaceOrientationPortrait UIInterfaceOrientationPortraitUpsideDown UIInterfaceOrientationLandscapeLeft UIInterfaceOrientationLandscapeRight";
				INFOPLIST_KEY_UISupportedInterfaceOrientations_iPhone = "UIInterfaceOrientationPortrait UIInterfaceOrientationLandscapeLeft UIInterfaceOrientationLandscapeRight";
				IPHONEOS_DEPLOYMENT_TARGET = 14.0;
				LD_RUNPATH_SEARCH_PATHS = (
					"$(inherited)",
					"@executable_path/Frameworks",
				);
				MARKETING_VERSION = 1.0;
				PRODUCT_BUNDLE_IDENTIFIER = "com.jovanes.submission-ios-pemula-dicoding";
				PRODUCT_NAME = "$(TARGET_NAME)";
				SWIFT_EMIT_LOC_STRINGS = YES;
				SWIFT_VERSION = 5.0;
				TARGETED_DEVICE_FAMILY = "1,2";
			};
			name = Release;
		};
/* End XCBuildConfiguration section */

/* Begin XCConfigurationList section */
		E0C525A3295AF6960005AE7F /* Build configuration list for PBXNativeTarget "submissionIosPemulaDicodingTests" */ = {
			isa = XCConfigurationList;
			buildConfigurations = (
				E0C525A4295AF6960005AE7F /* Debug */,
				E0C525A5295AF6960005AE7F /* Release */,
			);
			defaultConfigurationIsVisible = 0;
			defaultConfigurationName = Release;
		};
		E0F3CDE328DB373C00325A90 /* Build configuration list for PBXProject "submission-ios-pemula-dicoding" */ = {
			isa = XCConfigurationList;
			buildConfigurations = (
				E0F3CE1028DB373D00325A90 /* Debug */,
				E0F3CE1128DB373D00325A90 /* Release */,
			);
			defaultConfigurationIsVisible = 0;
			defaultConfigurationName = Release;
		};
		E0F3CE1228DB373D00325A90 /* Build configuration list for PBXNativeTarget "submission-ios-pemula-dicoding" */ = {
			isa = XCConfigurationList;
			buildConfigurations = (
				E0F3CE1328DB373D00325A90 /* Debug */,
				E0F3CE1428DB373D00325A90 /* Release */,
			);
			defaultConfigurationIsVisible = 0;
			defaultConfigurationName = Release;
		};
/* End XCConfigurationList section */

/* Begin XCRemoteSwiftPackageReference section */
		E00ED2F8295B92DB00034C96 /* XCRemoteSwiftPackageReference "RxSwift" */ = {
			isa = XCRemoteSwiftPackageReference;
			repositoryURL = "https://github.com/ReactiveX/RxSwift";
			requirement = {
				branch = main;
				kind = branch;
			};
		};
		E00ED2FD295B92F200034C96 /* XCRemoteSwiftPackageReference "Alamofire" */ = {
			isa = XCRemoteSwiftPackageReference;
			repositoryURL = "https://github.com/Alamofire/Alamofire";
			requirement = {
				branch = master;
				kind = branch;
			};
		};
		E00ED300295B930300034C96 /* XCRemoteSwiftPackageReference "Kingfisher" */ = {
			isa = XCRemoteSwiftPackageReference;
			repositoryURL = "https://github.com/onevcat/Kingfisher";
			requirement = {
				branch = master;
				kind = branch;
			};
		};
		E04DC63E29616B76005B5E8E /* XCRemoteSwiftPackageReference "SubmissionModulGame" */ = {
			isa = XCRemoteSwiftPackageReference;
			repositoryURL = "https://github.com/jovanesjovanotti25/SubmissionModulGame";
			requirement = {
				branch = main;
				kind = branch;
			};
		};
/* End XCRemoteSwiftPackageReference section */

/* Begin XCSwiftPackageProductDependency section */
		E00ED2F9295B92DB00034C96 /* RxCocoa */ = {
			isa = XCSwiftPackageProductDependency;
			package = E00ED2F8295B92DB00034C96 /* XCRemoteSwiftPackageReference "RxSwift" */;
			productName = RxCocoa;
		};
		E00ED2FB295B92DB00034C96 /* RxSwift */ = {
			isa = XCSwiftPackageProductDependency;
			package = E00ED2F8295B92DB00034C96 /* XCRemoteSwiftPackageReference "RxSwift" */;
			productName = RxSwift;
		};
		E00ED2FE295B92F200034C96 /* Alamofire */ = {
			isa = XCSwiftPackageProductDependency;
			package = E00ED2FD295B92F200034C96 /* XCRemoteSwiftPackageReference "Alamofire" */;
			productName = Alamofire;
		};
		E00ED301295B930300034C96 /* Kingfisher */ = {
			isa = XCSwiftPackageProductDependency;
			package = E00ED300295B930300034C96 /* XCRemoteSwiftPackageReference "Kingfisher" */;
			productName = Kingfisher;
		};
		E00ED30C295B943E00034C96 /* DetailGame */ = {
			isa = XCSwiftPackageProductDependency;
			productName = DetailGame;
		};
		E00ED30F295B945900034C96 /* FavoriteGame */ = {
			isa = XCSwiftPackageProductDependency;
			productName = FavoriteGame;
		};
		E04DC63F29616B76005B5E8E /* Game */ = {
			isa = XCSwiftPackageProductDependency;
			package = E04DC63E29616B76005B5E8E /* XCRemoteSwiftPackageReference "SubmissionModulGame" */;
			productName = Game;
		};
/* End XCSwiftPackageProductDependency section */

/* Begin XCVersionGroup section */
		E04A9BD3295C525300D772C8 /* GameSubmission.xcdatamodeld */ = {
			isa = XCVersionGroup;
			children = (
				E04A9BD4295C525300D772C8 /* GameSubmission.xcdatamodel */,
			);
			currentVersion = E04A9BD4295C525300D772C8 /* GameSubmission.xcdatamodel */;
			path = GameSubmission.xcdatamodeld;
			sourceTree = "<group>";
			versionGroupType = wrapper.xcdatamodel;
		};
/* End XCVersionGroup section */
	};
	rootObject = E0F3CDE028DB373C00325A90 /* Project object */;
}
